
Microsoft Visual Studio Solution File, Format Version 12.00
# Visual Studio Version 17
VisualStudioVersion = 17.11.35327.3
MinimumVisualStudioVersion = 10.0.40219.1
Project("{54A90642-561A-4BB1-A94E-469ADEE60C69}") = "volo", "Volo\volo.esproj", "{62BC11E8-87F0-49BF-BCB6-EF558E061BD0}"
EndProject
Global
	GlobalSection(SolutionConfigurationPlatforms) = preSolution
		Debug|Any CPU = Debug|Any CPU
		Release|Any CPU = Release|Any CPU
	EndGlobalSection
	GlobalSection(ProjectConfigurationPlatforms) = postSolution
		{62BC11E8-87F0-49BF-BCB6-EF558E061BD0}.Debug|Any CPU.ActiveCfg = Debug|Any CPU
		{62BC11E8-87F0-49BF-BCB6-EF558E061BD0}.Debug|Any CPU.Build.0 = Debug|Any CPU
		{62BC11E8-87F0-49BF-BCB6-EF558E061BD0}.Debug|Any CPU.Deploy.0 = Debug|Any CPU
		{62BC11E8-87F0-49BF-BCB6-EF558E061BD0}.Release|Any CPU.ActiveCfg = Release|Any CPU
		{62BC11E8-87F0-49BF-BCB6-EF558E061BD0}.Release|Any CPU.Build.0 = Release|Any CPU
		{62BC11E8-87F0-49BF-BCB6-EF558E061BD0}.Release|Any CPU.Deploy.0 = Release|Any CPU
	EndGlobalSection
	GlobalSection(SolutionProperties) = preSolution
		HideSolutionNode = FALSE
	EndGlobalSection
	GlobalSection(ExtensibilityGlobals) = postSolution
		SolutionGuid = {EE406B72-F030-429E-9DF2-02B7FEA95767}
	EndGlobalSection
EndGlobal
